
Microsoft Visual Studio Solution File, Format Version 12.00
# Visual Studio Version 17
VisualStudioVersion = 17.7.34024.191
MinimumVisualStudioVersion = 10.0.40219.1
Project("{FAE04EC0-301F-11D3-BF4B-00C04F79EFBC}") = "HW9", "HW9\HW9.csproj", "{6B8F5C17-56D4-40EC-A65C-FCA1D6000F7B}"
EndProject
Global
	GlobalSection(SolutionConfigurationPlatforms) = preSolution
		Debug|Any CPU = Debug|Any CPU
		Release|Any CPU = Release|Any CPU
	EndGlobalSection
	GlobalSection(ProjectConfigurationPlatforms) = postSolution
		{6B8F5C17-56D4-40EC-A65C-FCA1D6000F7B}.Debug|Any CPU.ActiveCfg = Debug|Any CPU
		{6B8F5C17-56D4-40EC-A65C-FCA1D6000F7B}.Debug|Any CPU.Build.0 = Debug|Any CPU
		{6B8F5C17-56D4-40EC-A65C-FCA1D6000F7B}.Release|Any CPU.ActiveCfg = Release|Any CPU
		{6B8F5C17-56D4-40EC-A65C-FCA1D6000F7B}.Release|Any CPU.Build.0 = Release|Any CPU
	EndGlobalSection
	GlobalSection(SolutionProperties) = preSolution
		HideSolutionNode = FALSE
	EndGlobalSection
	GlobalSection(ExtensibilityGlobals) = postSolution
		SolutionGuid = {8067D1F2-57AD-4420-906E-64A613B06E1F}
	EndGlobalSection
EndGlobal
